
Microsoft Visual Studio Solution File, Format Version 12.00
# Visual Studio 14
VisualStudioVersion = 14.0.25420.1
MinimumVisualStudioVersion = 10.0.40219.1
Project("{E24C65DC-7377-472B-9ABA-BC803B73C61A}") = "assignStudent", ".", "{E1EB1D7F-E1DE-4917-8E7D-BE124C18DB41}"
	ProjectSection(WebsiteProperties) = preProject
		TargetFrameworkMoniker = ".NETFramework,Version%3Dv4.5.2"
		Debug.AspNetCompiler.VirtualPath = "/localhost_57300"
		Debug.AspNetCompiler.PhysicalPath = "..\..\..\..\Desktop\assignments\Ncrwork-CDAC-Assignments\asp.net\assignStudent\"
		Debug.AspNetCompiler.TargetPath = "PrecompiledWeb\localhost_57300\"
		Debug.AspNetCompiler.Updateable = "true"
		Debug.AspNetCompiler.ForceOverwrite = "true"
		Debug.AspNetCompiler.FixedNames = "false"
		Debug.AspNetCompiler.Debug = "True"
		Release.AspNetCompiler.VirtualPath = "/localhost_57300"
		Release.AspNetCompiler.PhysicalPath = "..\..\..\..\Desktop\assignments\Ncrwork-CDAC-Assignments\asp.net\assignStudent\"
		Release.AspNetCompiler.TargetPath = "PrecompiledWeb\localhost_57300\"
		Release.AspNetCompiler.Updateable = "true"
		Release.AspNetCompiler.ForceOverwrite = "true"
		Release.AspNetCompiler.FixedNames = "false"
		Release.AspNetCompiler.Debug = "False"
		VWDPort = "57300"
	EndProjectSection
EndProject
Project("{FAE04EC0-301F-11D3-BF4B-00C04F79EFBC}") = "studentDB", "studentDB\studentDB.csproj", "{4C341018-FE42-4149-B8C1-679E5BC5133E}"
EndProject
Global
	GlobalSection(SolutionConfigurationPlatforms) = preSolution
		Debug|Any CPU = Debug|Any CPU
		Release|Any CPU = Release|Any CPU
	EndGlobalSection
	GlobalSection(ProjectConfigurationPlatforms) = postSolution
		{E1EB1D7F-E1DE-4917-8E7D-BE124C18DB41}.Debug|Any CPU.ActiveCfg = Debug|Any CPU
		{E1EB1D7F-E1DE-4917-8E7D-BE124C18DB41}.Debug|Any CPU.Build.0 = Debug|Any CPU
		{E1EB1D7F-E1DE-4917-8E7D-BE124C18DB41}.Release|Any CPU.ActiveCfg = Debug|Any CPU
		{E1EB1D7F-E1DE-4917-8E7D-BE124C18DB41}.Release|Any CPU.Build.0 = Debug|Any CPU
		{4C341018-FE42-4149-B8C1-679E5BC5133E}.Debug|Any CPU.ActiveCfg = Debug|Any CPU
		{4C341018-FE42-4149-B8C1-679E5BC5133E}.Debug|Any CPU.Build.0 = Debug|Any CPU
		{4C341018-FE42-4149-B8C1-679E5BC5133E}.Release|Any CPU.ActiveCfg = Release|Any CPU
		{4C341018-FE42-4149-B8C1-679E5BC5133E}.Release|Any CPU.Build.0 = Release|Any CPU
	EndGlobalSection
	GlobalSection(SolutionProperties) = preSolution
		HideSolutionNode = FALSE
	EndGlobalSection
EndGlobal
